
Microsoft Visual Studio Solution File, Format Version 12.00
# Visual Studio Version 17
VisualStudioVersion = 17.8.34330.188
MinimumVisualStudioVersion = 10.0.40219.1
Project("{FAE04EC0-301F-11D3-BF4B-00C04F79EFBC}") = "FoodOrderSystem", "FoodOrderSystem\FoodOrderSystem.csproj", "{C8D3EFAC-8EAA-41CC-A17D-804DF221ECB1}"
EndProject
Project("{FAE04EC0-301F-11D3-BF4B-00C04F79EFBC}") = "FoodOrderSystemTest", "FoodOrderSystemTest\FoodOrderSystemTest.csproj", "{B3694D21-8645-4F8F-8723-B001F397611B}"
EndProject
Global
	GlobalSection(SolutionConfigurationPlatforms) = preSolution
		Debug|Any CPU = Debug|Any CPU
		Release|Any CPU = Release|Any CPU
	EndGlobalSection
	GlobalSection(ProjectConfigurationPlatforms) = postSolution
		{C8D3EFAC-8EAA-41CC-A17D-804DF221ECB1}.Debug|Any CPU.ActiveCfg = Debug|Any CPU
		{C8D3EFAC-8EAA-41CC-A17D-804DF221ECB1}.Debug|Any CPU.Build.0 = Debug|Any CPU
		{C8D3EFAC-8EAA-41CC-A17D-804DF221ECB1}.Release|Any CPU.ActiveCfg = Release|Any CPU
		{C8D3EFAC-8EAA-41CC-A17D-804DF221ECB1}.Release|Any CPU.Build.0 = Release|Any CPU
		{B3694D21-8645-4F8F-8723-B001F397611B}.Debug|Any CPU.ActiveCfg = Debug|Any CPU
		{B3694D21-8645-4F8F-8723-B001F397611B}.Debug|Any CPU.Build.0 = Debug|Any CPU
		{B3694D21-8645-4F8F-8723-B001F397611B}.Release|Any CPU.ActiveCfg = Release|Any CPU
		{B3694D21-8645-4F8F-8723-B001F397611B}.Release|Any CPU.Build.0 = Release|Any CPU
	EndGlobalSection
	GlobalSection(SolutionProperties) = preSolution
		HideSolutionNode = FALSE
	EndGlobalSection
	GlobalSection(ExtensibilityGlobals) = postSolution
		SolutionGuid = {CD53FBA9-A8B1-4B21-BB67-674BA9B16D7F}
	EndGlobalSection
EndGlobal
